%{
  "cldr_utils": {:hex, :cldr_utils, "2.28.2", "f500667164a9043369071e4f9dcef31f88b8589b2e2c07a1eb9f9fa53cb1dce9", [:mix], [{:castore, "~> 0.1 or ~> 1.0", [hex: :castore, repo: "hexpm", optional: true]}, {:certifi, "~> 2.5", [hex: :certifi, repo: "hexpm", optional: true]}, {:decimal, "~> 1.9 or ~> 2.0", [hex: :decimal, repo: "hexpm", optional: false]}], "hexpm", "c506eb1a170ba7cdca59b304ba02a56795ed119856662f6b1a420af80ec42551"},
  "decimal": {:hex, :decimal, "2.1.1", "5611dca5d4b2c3dd497dec8f68751f1f1a54755e8ed2a966c2633cf885973ad6", [:mix], [], "hexpm", "53cfe5f497ed0e7771ae1a475575603d77425099ba5faef9394932b35020ffcc"},
  "digital_token": {:hex, :digital_token, "1.0.0", "454a4444061943f7349a51ef74b7fb1ebd19e6a94f43ef711f7dae88c09347df", [:mix], [{:cldr_utils, "~> 2.17", [hex: :cldr_utils, repo: "hexpm", optional: false]}, {:jason, "~> 1.0", [hex: :jason, repo: "hexpm", optional: true]}], "hexpm", "8ed6f5a8c2fa7b07147b9963db506a1b4c7475d9afca6492136535b064c9e9e6"},
  "ex_cldr": {:hex, :ex_cldr, "2.40.1", "c1fcb0cd9d2a70d28f4540a99f32127e7f1813e0db109d65ab29dea5337ae266", [:mix], [{:cldr_utils, "~> 2.28", [hex: :cldr_utils, repo: "hexpm", optional: false]}, {:decimal, "~> 1.6 or ~> 2.0", [hex: :decimal, repo: "hexpm", optional: false]}, {:gettext, "~> 0.19", [hex: :gettext, repo: "hexpm", optional: true]}, {:jason, "~> 1.0", [hex: :jason, repo: "hexpm", optional: true]}, {:nimble_parsec, "~> 0.5 or ~> 1.0", [hex: :nimble_parsec, repo: "hexpm", optional: true]}], "hexpm", "509810702e8e81991851d9426ffe6b34b48b7b9baa12922e7b3fb8f6368606f3"},
  "ex_cldr_currencies": {:hex, :ex_cldr_currencies, "2.16.3", "1ec6444b5d0c0aabba5a3bc321d73f1c9c751c6add92e7fb7775ccc071d96bd8", [:mix], [{:ex_cldr, "~> 2.38", [hex: :ex_cldr, repo: "hexpm", optional: false]}, {:jason, "~> 1.0", [hex: :jason, repo: "hexpm", optional: true]}], "hexpm", "4d1b5f8449fdf0ece6a2e5c7401ad8fcfde77ee6ea480bddc16e266dfa2b570c"},
  "ex_cldr_numbers": {:hex, :ex_cldr_numbers, "2.33.3", "9fedcf279a17d19abdf8872738472326e82378d90ec2dd9756a0c84558c86b36", [:mix], [{:decimal, "~> 1.6 or ~> 2.0", [hex: :decimal, repo: "hexpm", optional: false]}, {:digital_token, "~> 0.3 or ~> 1.0", [hex: :digital_token, repo: "hexpm", optional: false]}, {:ex_cldr, "~> 2.38", [hex: :ex_cldr, repo: "hexpm", optional: false]}, {:ex_cldr_currencies, "~> 2.16", [hex: :ex_cldr_currencies, repo: "hexpm", optional: false]}, {:jason, "~> 1.0", [hex: :jason, repo: "hexpm", optional: true]}], "hexpm", "4a0d90d06710c1499528d5f536c539379a73a68d4679c55375198a798d138442"},
  "ex_money": {:hex, :ex_money, "5.18.0", "7f765a6de9d5f1cb646a6b27a26ae26147cf8bfff2c1c3ecdd4ec8655d0f9c8c", [:mix], [{:decimal, "~> 1.6 or ~> 2.0", [hex: :decimal, repo: "hexpm", optional: false]}, {:ex_cldr_numbers, "~> 2.33", [hex: :ex_cldr_numbers, repo: "hexpm", optional: false]}, {:gringotts, "~> 1.1", [hex: :gringotts, repo: "hexpm", optional: true]}, {:jason, "~> 1.0", [hex: :jason, repo: "hexpm", optional: true]}, {:nimble_parsec, "~> 0.5 or ~> 1.0", [hex: :nimble_parsec, repo: "hexpm", optional: false]}, {:phoenix_html, "~> 2.0 or ~> 3.0 or ~> 4.0", [hex: :phoenix_html, repo: "hexpm", optional: true]}, {:poison, "~> 3.0 or ~> 4.0 or ~> 5.0 or ~> 6.0", [hex: :poison, repo: "hexpm", optional: true]}], "hexpm", "0c180cacbb99eb7c751c241a5ffc587f7cc0f0859af00d87a6ba708c64845b9e"},
  "nimble_parsec": {:hex, :nimble_parsec, "1.4.0", "51f9b613ea62cfa97b25ccc2c1b4216e81df970acd8e16e8d1bdc58fef21370d", [:mix], [], "hexpm", "9c565862810fb383e9838c1dd2d7d2c437b3d13b267414ba6af33e50d2d1cf28"},
}
